// !$*UTF8*$!
{
	archiveVersion = 1;
	classes = {
	};
	objectVersion = 50;
	objects = {

/* Begin PBXBuildFile section */
		500E981D26B4423100D6F554 /* AppDelegate.swift in Sources */ = {isa = PBXBuildFile; fileRef = 500E981C26B4423100D6F554 /* AppDelegate.swift */; };
		500E981F26B4423100D6F554 /* SceneDelegate.swift in Sources */ = {isa = PBXBuildFile; fileRef = 500E981E26B4423100D6F554 /* SceneDelegate.swift */; };
		500E982126B4423100D6F554 /* ViewController.swift in Sources */ = {isa = PBXBuildFile; fileRef = 500E982026B4423100D6F554 /* ViewController.swift */; };
		500E982426B4423100D6F554 /* Main.storyboard in Resources */ = {isa = PBXBuildFile; fileRef = 500E982226B4423100D6F554 /* Main.storyboard */; };
		500E982726B4423100D6F554 /* Vita.xcdatamodeld in Sources */ = {isa = PBXBuildFile; fileRef = 500E982526B4423100D6F554 /* Vita.xcdatamodeld */; };
		500E982926B4423300D6F554 /* Assets.xcassets in Resources */ = {isa = PBXBuildFile; fileRef = 500E982826B4423300D6F554 /* Assets.xcassets */; };
		500E982C26B4423300D6F554 /* LaunchScreen.storyboard in Resources */ = {isa = PBXBuildFile; fileRef = 500E982A26B4423300D6F554 /* LaunchScreen.storyboard */; };
		500E983626B443C000D6F554 /* CloudKit.framework in Frameworks */ = {isa = PBXBuildFile; fileRef = 500E983526B443C000D6F554 /* CloudKit.framework */; };
		C19E6025A1BD0420235687B6 /* Pods_Vita.framework in Frameworks */ = {isa = PBXBuildFile; fileRef = 2818D395F840B700525E7518 /* Pods_Vita.framework */; };
/* End PBXBuildFile section */

/* Begin PBXFileReference section */
		2818D395F840B700525E7518 /* Pods_Vita.framework */ = {isa = PBXFileReference; explicitFileType = wrapper.framework; includeInIndex = 0; path = Pods_Vita.framework; sourceTree = BUILT_PRODUCTS_DIR; };
		500E981926B4423100D6F554 /* Vita.app */ = {isa = PBXFileReference; explicitFileType = wrapper.application; includeInIndex = 0; path = Vita.app; sourceTree = BUILT_PRODUCTS_DIR; };
		500E981C26B4423100D6F554 /* AppDelegate.swift */ = {isa = PBXFileReference; lastKnownFileType = sourcecode.swift; path = AppDelegate.swift; sourceTree = "<group>"; };
		500E981E26B4423100D6F554 /* SceneDelegate.swift */ = {isa = PBXFileReference; lastKnownFileType = sourcecode.swift; path = SceneDelegate.swift; sourceTree = "<group>"; };
		500E982026B4423100D6F554 /* ViewController.swift */ = {isa = PBXFileReference; lastKnownFileType = sourcecode.swift; path = ViewController.swift; sourceTree = "<group>"; };
		500E982326B4423100D6F554 /* Base */ = {isa = PBXFileReference; lastKnownFileType = file.storyboard; name = Base; path = Base.lproj/Main.storyboard; sourceTree = "<group>"; };
		500E982626B4423100D6F554 /* Vita.xcdatamodel */ = {isa = PBXFileReference; lastKnownFileType = wrapper.xcdatamodel; path = Vita.xcdatamodel; sourceTree = "<group>"; };
		500E982826B4423300D6F554 /* Assets.xcassets */ = {isa = PBXFileReference; lastKnownFileType = folder.assetcatalog; path = Assets.xcassets; sourceTree = "<group>"; };
		500E982B26B4423300D6F554 /* Base */ = {isa = PBXFileReference; lastKnownFileType = file.storyboard; name = Base; path = Base.lproj/LaunchScreen.storyboard; sourceTree = "<group>"; };
		500E982D26B4423300D6F554 /* Info.plist */ = {isa = PBXFileReference; lastKnownFileType = text.plist.xml; path = Info.plist; sourceTree = "<group>"; };
		500E983326B4424400D6F554 /* Vita.entitlements */ = {isa = PBXFileReference; lastKnownFileType = text.plist.entitlements; path = Vita.entitlements; sourceTree = "<group>"; };
		500E983526B443C000D6F554 /* CloudKit.framework */ = {isa = PBXFileReference; lastKnownFileType = wrapper.framework; name = CloudKit.framework; path = System/Library/Frameworks/CloudKit.framework; sourceTree = SDKROOT; };
		5449B1649E8E0D82D2ABDF43 /* Pods-Vita.debug.xcconfig */ = {isa = PBXFileReference; includeInIndex = 1; lastKnownFileType = text.xcconfig; name = "Pods-Vita.debug.xcconfig"; path = "Pods/Target Support Files/Pods-Vita/Pods-Vita.debug.xcconfig"; sourceTree = "<group>"; };
		6164B53D513D8D9E98A76E3C /* Pods-Vita.release.xcconfig */ = {isa = PBXFileReference; includeInIndex = 1; lastKnownFileType = text.xcconfig; name = "Pods-Vita.release.xcconfig"; path = "Pods/Target Support Files/Pods-Vita/Pods-Vita.release.xcconfig"; sourceTree = "<group>"; };
/* End PBXFileReference section */

/* Begin PBXFrameworksBuildPhase section */
		500E981626B4423100D6F554 /* Frameworks */ = {
			isa = PBXFrameworksBuildPhase;
			buildActionMask = 2147483647;
			files = (
				500E983626B443C000D6F554 /* CloudKit.framework in Frameworks */,
				C19E6025A1BD0420235687B6 /* Pods_Vita.framework in Frameworks */,
			);
			runOnlyForDeploymentPostprocessing = 0;
		};
/* End PBXFrameworksBuildPhase section */

/* Begin PBXGroup section */
		500E981026B4423100D6F554 = {
			isa = PBXGroup;
			children = (
				500E981B26B4423100D6F554 /* Vita */,
				500E981A26B4423100D6F554 /* Products */,
				500E983426B443C000D6F554 /* Frameworks */,
				959AA28900962660270B5D25 /* Pods */,
			);
			sourceTree = "<group>";
		};
		500E981A26B4423100D6F554 /* Products */ = {
			isa = PBXGroup;
			children = (
				500E981926B4423100D6F554 /* Vita.app */,
			);
			name = Products;
			sourceTree = "<group>";
		};
		500E981B26B4423100D6F554 /* Vita */ = {
			isa = PBXGroup;
			children = (
				500E983826B4467700D6F554 /* Views */,
				500E983926B4468B00D6F554 /* Delegate */,
				500E983726B4464B00D6F554 /* Supporting Files */,
			);
			path = Vita;
			sourceTree = "<group>";
		};
		500E983426B443C000D6F554 /* Frameworks */ = {
			isa = PBXGroup;
			children = (
				500E983526B443C000D6F554 /* CloudKit.framework */,
				2818D395F840B700525E7518 /* Pods_Vita.framework */,
			);
			name = Frameworks;
			sourceTree = "<group>";
		};
		500E983726B4464B00D6F554 /* Supporting Files */ = {
			isa = PBXGroup;
			children = (
				500E982D26B4423300D6F554 /* Info.plist */,
				500E983326B4424400D6F554 /* Vita.entitlements */,
				500E982226B4423100D6F554 /* Main.storyboard */,
				500E982A26B4423300D6F554 /* LaunchScreen.storyboard */,
				500E982826B4423300D6F554 /* Assets.xcassets */,
				500E982526B4423100D6F554 /* Vita.xcdatamodeld */,
			);
			path = "Supporting Files";
			sourceTree = "<group>";
		};
		500E983826B4467700D6F554 /* Views */ = {
			isa = PBXGroup;
			children = (
				500E982026B4423100D6F554 /* ViewController.swift */,
			);
			path = Views;
			sourceTree = "<group>";
		};
		500E983926B4468B00D6F554 /* Delegate */ = {
			isa = PBXGroup;
			children = (
				500E981C26B4423100D6F554 /* AppDelegate.swift */,
				500E981E26B4423100D6F554 /* SceneDelegate.swift */,
			);
			path = Delegate;
			sourceTree = "<group>";
		};
		959AA28900962660270B5D25 /* Pods */ = {
			isa = PBXGroup;
			children = (
				5449B1649E8E0D82D2ABDF43 /* Pods-Vita.debug.xcconfig */,
				6164B53D513D8D9E98A76E3C /* Pods-Vita.release.xcconfig */,
			);
			name = Pods;
			sourceTree = "<group>";
		};
/* End PBXGroup section */

/* Begin PBXNativeTarget section */
		500E981826B4423100D6F554 /* Vita */ = {
			isa = PBXNativeTarget;
			buildConfigurationList = 500E983026B4423300D6F554 /* Build configuration list for PBXNativeTarget "Vita" */;
			buildPhases = (
				533D86908CF8074F8E3846C0 /* [CP] Check Pods Manifest.lock */,
				5070D93826BA3EDB00AC798F /* ShellScript */,
				500E981526B4423100D6F554 /* Sources */,
				500E981626B4423100D6F554 /* Frameworks */,
				500E981726B4423100D6F554 /* Resources */,
			);
			buildRules = (
			);
			dependencies = (
			);
			name = Vita;
			productName = Vita;
			productReference = 500E981926B4423100D6F554 /* Vita.app */;
			productType = "com.apple.product-type.application";
		};
/* End PBXNativeTarget section */

/* Begin PBXProject section */
		500E981126B4423100D6F554 /* Project object */ = {
			isa = PBXProject;
			attributes = {
				LastSwiftUpdateCheck = 1250;
				LastUpgradeCheck = 1250;
				TargetAttributes = {
					500E981826B4423100D6F554 = {
						CreatedOnToolsVersion = 12.5.1;
					};
				};
			};
			buildConfigurationList = 500E981426B4423100D6F554 /* Build configuration list for PBXProject "Vita" */;
			compatibilityVersion = "Xcode 9.3";
			developmentRegion = en;
			hasScannedForEncodings = 0;
			knownRegions = (
				en,
				Base,
			);
			mainGroup = 500E981026B4423100D6F554;
			productRefGroup = 500E981A26B4423100D6F554 /* Products */;
			projectDirPath = "";
			projectRoot = "";
			targets = (
				500E981826B4423100D6F554 /* Vita */,
			);
		};
/* End PBXProject section */

/* Begin PBXResourcesBuildPhase section */
		500E981726B4423100D6F554 /* Resources */ = {
			isa = PBXResourcesBuildPhase;
			buildActionMask = 2147483647;
			files = (
				500E982C26B4423300D6F554 /* LaunchScreen.storyboard in Resources */,
				500E982926B4423300D6F554 /* Assets.xcassets in Resources */,
				500E982426B4423100D6F554 /* Main.storyboard in Resources */,
			);
			runOnlyForDeploymentPostprocessing = 0;
		};
/* End PBXResourcesBuildPhase section */

/* Begin PBXShellScriptBuildPhase section */
		5070D93826BA3EDB00AC798F /* ShellScript */ = {
			isa = PBXShellScriptBuildPhase;
			buildActionMask = 2147483647;
			files = (
			);
			inputFileListPaths = (
			);
			inputPaths = (
			);
			outputFileListPaths = (
			);
			outputPaths = (
			);
			runOnlyForDeploymentPostprocessing = 0;
			shellPath = /bin/sh;
			shellScript = "if which swiftlint >/dev/null; then\n    swiftlint\nelse\n  echo \"warning: SwiftLint not installed, download from https://github.com/realm/SwiftLint\"\nfi\n";
		};
		533D86908CF8074F8E3846C0 /* [CP] Check Pods Manifest.lock */ = {
			isa = PBXShellScriptBuildPhase;
			buildActionMask = 2147483647;
			files = (
			);
			inputFileListPaths = (
			);
			inputPaths = (
				"${PODS_PODFILE_DIR_PATH}/Podfile.lock",
				"${PODS_ROOT}/Manifest.lock",
			);
			name = "[CP] Check Pods Manifest.lock";
			outputFileListPaths = (
			);
			outputPaths = (
				"$(DERIVED_FILE_DIR)/Pods-Vita-checkManifestLockResult.txt",
			);
			runOnlyForDeploymentPostprocessing = 0;
			shellPath = /bin/sh;
			shellScript = "diff \"${PODS_PODFILE_DIR_PATH}/Podfile.lock\" \"${PODS_ROOT}/Manifest.lock\" > /dev/null\nif [ $? != 0 ] ; then\n    # print error to STDERR\n    echo \"error: The sandbox is not in sync with the Podfile.lock. Run 'pod install' or update your CocoaPods installation.\" >&2\n    exit 1\nfi\n# This output is used by Xcode 'outputs' to avoid re-running this script phase.\necho \"SUCCESS\" > \"${SCRIPT_OUTPUT_FILE_0}\"\n";
			showEnvVarsInLog = 0;
		};
/* End PBXShellScriptBuildPhase section */

/* Begin PBXSourcesBuildPhase section */
		500E981526B4423100D6F554 /* Sources */ = {
			isa = PBXSourcesBuildPhase;
			buildActionMask = 2147483647;
			files = (
				500E982126B4423100D6F554 /* ViewController.swift in Sources */,
				500E982726B4423100D6F554 /* Vita.xcdatamodeld in Sources */,
				500E981D26B4423100D6F554 /* AppDelegate.swift in Sources */,
				500E981F26B4423100D6F554 /* SceneDelegate.swift in Sources */,
			);
			runOnlyForDeploymentPostprocessing = 0;
		};
/* End PBXSourcesBuildPhase section */

/* Begin PBXVariantGroup section */
		500E982226B4423100D6F554 /* Main.storyboard */ = {
			isa = PBXVariantGroup;
			children = (
				500E982326B4423100D6F554 /* Base */,
			);
			name = Main.storyboard;
			sourceTree = "<group>";
		};
		500E982A26B4423300D6F554 /* LaunchScreen.storyboard */ = {
			isa = PBXVariantGroup;
			children = (
				500E982B26B4423300D6F554 /* Base */,
			);
			name = LaunchScreen.storyboard;
			sourceTree = "<group>";
		};
/* End PBXVariantGroup section */

/* Begin XCBuildConfiguration section */
		500E982E26B4423300D6F554 /* Debug */ = {
			isa = XCBuildConfiguration;
			buildSettings = {
				ALWAYS_SEARCH_USER_PATHS = NO;
				CLANG_ANALYZER_NONNULL = YES;
				CLANG_ANALYZER_NUMBER_OBJECT_CONVERSION = YES_AGGRESSIVE;
				CLANG_CXX_LANGUAGE_STANDARD = "gnu++14";
				CLANG_CXX_LIBRARY = "libc++";
				CLANG_ENABLE_MODULES = YES;
				CLANG_ENABLE_OBJC_ARC = YES;
				CLANG_ENABLE_OBJC_WEAK = YES;
				CLANG_WARN_BLOCK_CAPTURE_AUTORELEASING = YES;
				CLANG_WARN_BOOL_CONVERSION = YES;
				CLANG_WARN_COMMA = YES;
				CLANG_WARN_CONSTANT_CONVERSION = YES;
				CLANG_WARN_DEPRECATED_OBJC_IMPLEMENTATIONS = YES;
				CLANG_WARN_DIRECT_OBJC_ISA_USAGE = YES_ERROR;
				CLANG_WARN_DOCUMENTATION_COMMENTS = YES;
				CLANG_WARN_EMPTY_BODY = YES;
				CLANG_WARN_ENUM_CONVERSION = YES;
				CLANG_WARN_INFINITE_RECURSION = YES;
				CLANG_WARN_INT_CONVERSION = YES;
				CLANG_WARN_NON_LITERAL_NULL_CONVERSION = YES;
				CLANG_WARN_OBJC_IMPLICIT_RETAIN_SELF = YES;
				CLANG_WARN_OBJC_LITERAL_CONVERSION = YES;
				CLANG_WARN_OBJC_ROOT_CLASS = YES_ERROR;
				CLANG_WARN_QUOTED_INCLUDE_IN_FRAMEWORK_HEADER = YES;
				CLANG_WARN_RANGE_LOOP_ANALYSIS = YES;
				CLANG_WARN_STRICT_PROTOTYPES = YES;
				CLANG_WARN_SUSPICIOUS_MOVE = YES;
				CLANG_WARN_UNGUARDED_AVAILABILITY = YES_AGGRESSIVE;
				CLANG_WARN_UNREACHABLE_CODE = YES;
				CLANG_WARN__DUPLICATE_METHOD_MATCH = YES;
				COPY_PHASE_STRIP = NO;
				DEBUG_INFORMATION_FORMAT = dwarf;
				ENABLE_STRICT_OBJC_MSGSEND = YES;
				ENABLE_TESTABILITY = YES;
				GCC_C_LANGUAGE_STANDARD = gnu11;
				GCC_DYNAMIC_NO_PIC = NO;
				GCC_NO_COMMON_BLOCKS = YES;
				GCC_OPTIMIZATION_LEVEL = 0;
				GCC_PREPROCESSOR_DEFINITIONS = (
					"DEBUG=1",
					"$(inherited)",
				);
				GCC_WARN_64_TO_32_BIT_CONVERSION = YES;
				GCC_WARN_ABOUT_RETURN_TYPE = YES_ERROR;
				GCC_WARN_UNDECLARED_SELECTOR = YES;
				GCC_WARN_UNINITIALIZED_AUTOS = YES_AGGRESSIVE;
				GCC_WARN_UNUSED_FUNCTION = YES;
				GCC_WARN_UNUSED_VARIABLE = YES;
				IPHONEOS_DEPLOYMENT_TARGET = 14.5;
				MTL_ENABLE_DEBUG_INFO = INCLUDE_SOURCE;
				MTL_FAST_MATH = YES;
				ONLY_ACTIVE_ARCH = YES;
				SDKROOT = iphoneos;
				SWIFT_ACTIVE_COMPILATION_CONDITIONS = DEBUG;
				SWIFT_OPTIMIZATION_LEVEL = "-Onone";
			};
			name = Debug;
		};
		500E982F26B4423300D6F554 /* Release */ = {
			isa = XCBuildConfiguration;
			buildSettings = {
				ALWAYS_SEARCH_USER_PATHS = NO;
				CLANG_ANALYZER_NONNULL = YES;
				CLANG_ANALYZER_NUMBER_OBJECT_CONVERSION = YES_AGGRESSIVE;
				CLANG_CXX_LANGUAGE_STANDARD = "gnu++14";
				CLANG_CXX_LIBRARY = "libc++";
				CLANG_ENABLE_MODULES = YES;
				CLANG_ENABLE_OBJC_ARC = YES;
				CLANG_ENABLE_OBJC_WEAK = YES;
				CLANG_WARN_BLOCK_CAPTURE_AUTORELEASING = YES;
				CLANG_WARN_BOOL_CONVERSION = YES;
				CLANG_WARN_COMMA = YES;
				CLANG_WARN_CONSTANT_CONVERSION = YES;
				CLANG_WARN_DEPRECATED_OBJC_IMPLEMENTATIONS = YES;
				CLANG_WARN_DIRECT_OBJC_ISA_USAGE = YES_ERROR;
				CLANG_WARN_DOCUMENTATION_COMMENTS = YES;
				CLANG_WARN_EMPTY_BODY = YES;
				CLANG_WARN_ENUM_CONVERSION = YES;
				CLANG_WARN_INFINITE_RECURSION = YES;
				CLANG_WARN_INT_CONVERSION = YES;
				CLANG_WARN_NON_LITERAL_NULL_CONVERSION = YES;
				CLANG_WARN_OBJC_IMPLICIT_RETAIN_SELF = YES;
				CLANG_WARN_OBJC_LITERAL_CONVERSION = YES;
				CLANG_WARN_OBJC_ROOT_CLASS = YES_ERROR;
				CLANG_WARN_QUOTED_INCLUDE_IN_FRAMEWORK_HEADER = YES;
				CLANG_WARN_RANGE_LOOP_ANALYSIS = YES;
				CLANG_WARN_STRICT_PROTOTYPES = YES;
				CLANG_WARN_SUSPICIOUS_MOVE = YES;
				CLANG_WARN_UNGUARDED_AVAILABILITY = YES_AGGRESSIVE;
				CLANG_WARN_UNREACHABLE_CODE = YES;
				CLANG_WARN__DUPLICATE_METHOD_MATCH = YES;
				COPY_PHASE_STRIP = NO;
				DEBUG_INFORMATION_FORMAT = "dwarf-with-dsym";
				ENABLE_NS_ASSERTIONS = NO;
				ENABLE_STRICT_OBJC_MSGSEND = YES;
				GCC_C_LANGUAGE_STANDARD = gnu11;
				GCC_NO_COMMON_BLOCKS = YES;
				GCC_WARN_64_TO_32_BIT_CONVERSION = YES;
				GCC_WARN_ABOUT_RETURN_TYPE = YES_ERROR;
				GCC_WARN_UNDECLARED_SELECTOR = YES;
				GCC_WARN_UNINITIALIZED_AUTOS = YES_AGGRESSIVE;
				GCC_WARN_UNUSED_FUNCTION = YES;
				GCC_WARN_UNUSED_VARIABLE = YES;
				IPHONEOS_DEPLOYMENT_TARGET = 14.5;
				MTL_ENABLE_DEBUG_INFO = NO;
				MTL_FAST_MATH = YES;
				SDKROOT = iphoneos;
				SWIFT_COMPILATION_MODE = wholemodule;
				SWIFT_OPTIMIZATION_LEVEL = "-O";
				VALIDATE_PRODUCT = YES;
			};
			name = Release;
		};
		500E983126B4423300D6F554 /* Debug */ = {
			isa = XCBuildConfiguration;
			baseConfigurationReference = 5449B1649E8E0D82D2ABDF43 /* Pods-Vita.debug.xcconfig */;
			buildSettings = {
				ASSETCATALOG_COMPILER_APPICON_NAME = AppIcon;
				ASSETCATALOG_COMPILER_GLOBAL_ACCENT_COLOR_NAME = AccentColor;
				CODE_SIGN_ENTITLEMENTS = "Vita/Supporting Files/Vita.entitlements";
				CODE_SIGN_STYLE = Automatic;
				DEVELOPMENT_TEAM = Q82S7VERUD;
				INFOPLIST_FILE = "Vita/Supporting Files/Info.plist";
				IPHONEOS_DEPLOYMENT_TARGET = 13.0;
				"IPHONEOS_DEPLOYMENT_TARGET[sdk=macosx*]" = 14.5;
				LD_RUNPATH_SEARCH_PATHS = (
					"$(inherited)",
					"@executable_path/Frameworks",
				);
				PRODUCT_BUNDLE_IDENTIFIER = com.chappyasel.vita;
				PRODUCT_NAME = "$(TARGET_NAME)";
				SUPPORTS_MACCATALYST = YES;
				SWIFT_VERSION = 5.0;
				TARGETED_DEVICE_FAMILY = "1,2,6";
			};
			name = Debug;
		};
		500E983226B4423300D6F554 /* Release */ = {
			isa = XCBuildConfiguration;
			baseConfigurationReference = 6164B53D513D8D9E98A76E3C /* Pods-Vita.release.xcconfig */;
			buildSettings = {
				ASSETCATALOG_COMPILER_APPICON_NAME = AppIcon;
				ASSETCATALOG_COMPILER_GLOBAL_ACCENT_COLOR_NAME = AccentColor;
				CODE_SIGN_ENTITLEMENTS = "Vita/Supporting Files/Vita.entitlements";
				CODE_SIGN_STYLE = Automatic;
				DEVELOPMENT_TEAM = Q82S7VERUD;
				INFOPLIST_FILE = "Vita/Supporting Files/Info.plist";
				IPHONEOS_DEPLOYMENT_TARGET = 13.0;
				"IPHONEOS_DEPLOYMENT_TARGET[sdk=macosx*]" = 14.5;
				LD_RUNPATH_SEARCH_PATHS = (
					"$(inherited)",
					"@executable_path/Frameworks",
				);
				PRODUCT_BUNDLE_IDENTIFIER = com.chappyasel.vita;
				PRODUCT_NAME = "$(TARGET_NAME)";
				SUPPORTS_MACCATALYST = YES;
				SWIFT_VERSION = 5.0;
				TARGETED_DEVICE_FAMILY = "1,2,6";
			};
			name = Release;
		};
/* End XCBuildConfiguration section */

/* Begin XCConfigurationList section */
		500E981426B4423100D6F554 /* Build configuration list for PBXProject "Vita" */ = {
			isa = XCConfigurationList;
			buildConfigurations = (
				500E982E26B4423300D6F554 /* Debug */,
				500E982F26B4423300D6F554 /* Release */,
			);
			defaultConfigurationIsVisible = 0;
			defaultConfigurationName = Release;
		};
		500E983026B4423300D6F554 /* Build configuration list for PBXNativeTarget "Vita" */ = {
			isa = XCConfigurationList;
			buildConfigurations = (
				500E983126B4423300D6F554 /* Debug */,
				500E983226B4423300D6F554 /* Release */,
			);
			defaultConfigurationIsVisible = 0;
			defaultConfigurationName = Release;
		};
/* End XCConfigurationList section */

/* Begin XCVersionGroup section */
		500E982526B4423100D6F554 /* Vita.xcdatamodeld */ = {
			isa = XCVersionGroup;
			children = (
				500E982626B4423100D6F554 /* Vita.xcdatamodel */,
			);
			currentVersion = 500E982626B4423100D6F554 /* Vita.xcdatamodel */;
			path = Vita.xcdatamodeld;
			sourceTree = "<group>";
			versionGroupType = wrapper.xcdatamodel;
		};
/* End XCVersionGroup section */
	};
	rootObject = 500E981126B4423100D6F554 /* Project object */;
}
