// !$*UTF8*$!
{
	archiveVersion = 1;
	classes = {
	};
	objectVersion = 51;
	objects = {

/* Begin PBXBuildFile section */
		5000A39126BECBFC000FC8AD /* EntryInfoViewController.swift in Sources */ = {isa = PBXBuildFile; fileRef = 5000A39026BECBFC000FC8AD /* EntryInfoViewController.swift */; };
		5000A39326BECCF2000FC8AD /* EntryInfoView.swift in Sources */ = {isa = PBXBuildFile; fileRef = 5000A39226BECCF2000FC8AD /* EntryInfoView.swift */; };
		500E981D26B4423100D6F554 /* AppDelegate.swift in Sources */ = {isa = PBXBuildFile; fileRef = 500E981C26B4423100D6F554 /* AppDelegate.swift */; };
		500E981F26B4423100D6F554 /* SceneDelegate.swift in Sources */ = {isa = PBXBuildFile; fileRef = 500E981E26B4423100D6F554 /* SceneDelegate.swift */; };
		500E982126B4423100D6F554 /* EntryViewController.swift in Sources */ = {isa = PBXBuildFile; fileRef = 500E982026B4423100D6F554 /* EntryViewController.swift */; };
		500E982726B4423100D6F554 /* Vita.xcdatamodeld in Sources */ = {isa = PBXBuildFile; fileRef = 500E982526B4423100D6F554 /* Vita.xcdatamodeld */; };
		500E982926B4423300D6F554 /* Assets.xcassets in Resources */ = {isa = PBXBuildFile; fileRef = 500E982826B4423300D6F554 /* Assets.xcassets */; };
		500E982C26B4423300D6F554 /* LaunchScreen.storyboard in Resources */ = {isa = PBXBuildFile; fileRef = 500E982A26B4423300D6F554 /* LaunchScreen.storyboard */; };
		500E983626B443C000D6F554 /* CloudKit.framework in Frameworks */ = {isa = PBXBuildFile; fileRef = 500E983526B443C000D6F554 /* CloudKit.framework */; };
		502BF76426BED0C600B34C14 /* Journal+CoreDataProperties.swift in Sources */ = {isa = PBXBuildFile; fileRef = 502BF76026BED0C600B34C14 /* Journal+CoreDataProperties.swift */; };
		502BF76626BED0C600B34C14 /* Entry+CoreDataProperties.swift in Sources */ = {isa = PBXBuildFile; fileRef = 502BF76326BED0C600B34C14 /* Entry+CoreDataProperties.swift */; };
		5070D93C26BADCD300AC798F /* EntryListViewController.swift in Sources */ = {isa = PBXBuildFile; fileRef = 5070D93B26BADCD300AC798F /* EntryListViewController.swift */; };
		5070D93F26BAE7A800AC798F /* Entry+CoreDataClass.swift in Sources */ = {isa = PBXBuildFile; fileRef = 5070D93E26BAE7A800AC798F /* Entry+CoreDataClass.swift */; };
		5070D94126BAE7DA00AC798F /* Journal+CoreDataClass.swift in Sources */ = {isa = PBXBuildFile; fileRef = 5070D94026BAE7DA00AC798F /* Journal+CoreDataClass.swift */; };
		5070D94426BAE94B00AC798F /* Serialization.swift in Sources */ = {isa = PBXBuildFile; fileRef = 5070D94326BAE94B00AC798F /* Serialization.swift */; };
		5070D94826BB18E000AC798F /* testData.json in Resources */ = {isa = PBXBuildFile; fileRef = 5070D94726BB18E000AC798F /* testData.json */; };
		5070D94A26BB212D00AC798F /* VCoreData.swift in Sources */ = {isa = PBXBuildFile; fileRef = 5070D94926BB212D00AC798F /* VCoreData.swift */; };
		5070D95026BB2E0D00AC798F /* EntryListCell.swift in Sources */ = {isa = PBXBuildFile; fileRef = 5070D94F26BB2E0D00AC798F /* EntryListCell.swift */; };
		5070D95226BB2EC100AC798F /* EntryListCell.xib in Resources */ = {isa = PBXBuildFile; fileRef = 5070D95126BB2EC100AC798F /* EntryListCell.xib */; };
		5070D95526BB542F00AC798F /* SettingsViewController.swift in Sources */ = {isa = PBXBuildFile; fileRef = 5070D95426BB542F00AC798F /* SettingsViewController.swift */; };
		5070D95726BB54C500AC798F /* SettingsViewController.xib in Resources */ = {isa = PBXBuildFile; fileRef = 5070D95626BB54C500AC798F /* SettingsViewController.xib */; };
		5070D95926BB5C0F00AC798F /* EntryListViewController.xib in Resources */ = {isa = PBXBuildFile; fileRef = 5070D95826BB5C0F00AC798F /* EntryListViewController.xib */; };
		5070D95B26BB5DD600AC798F /* EntryViewController.xib in Resources */ = {isa = PBXBuildFile; fileRef = 5070D95A26BB5DD600AC798F /* EntryViewController.xib */; };
		5070D96126BB9CED00AC798F /* VSplitViewController.swift in Sources */ = {isa = PBXBuildFile; fileRef = 5070D96026BB9CED00AC798F /* VSplitViewController.swift */; };
		50BD329E26BE0D0E009A4480 /* Database.swift in Sources */ = {isa = PBXBuildFile; fileRef = 50BD329D26BE0D0E009A4480 /* Database.swift */; };
		50BD32A026BE11EE009A4480 /* UserDefaultWrapper.swift in Sources */ = {isa = PBXBuildFile; fileRef = 50BD329F26BE11EE009A4480 /* UserDefaultWrapper.swift */; };
		50D46EEC26BF4E370015B9FB /* StringFormatter.swift in Sources */ = {isa = PBXBuildFile; fileRef = 50D46EEB26BF4E370015B9FB /* StringFormatter.swift */; };
		50D46EEF26C189FA0015B9FB /* JournalListViewController.swift in Sources */ = {isa = PBXBuildFile; fileRef = 50D46EEE26C189FA0015B9FB /* JournalListViewController.swift */; };
		50D46EF326C3F26D0015B9FB /* VMergePolicy.swift in Sources */ = {isa = PBXBuildFile; fileRef = 50D46EF226C3F26D0015B9FB /* VMergePolicy.swift */; };
		C19E6025A1BD0420235687B6 /* Pods_Vita.framework in Frameworks */ = {isa = PBXBuildFile; fileRef = 2818D395F840B700525E7518 /* Pods_Vita.framework */; };
/* End PBXBuildFile section */

/* Begin PBXFileReference section */
		2818D395F840B700525E7518 /* Pods_Vita.framework */ = {isa = PBXFileReference; explicitFileType = wrapper.framework; includeInIndex = 0; path = Pods_Vita.framework; sourceTree = BUILT_PRODUCTS_DIR; };
		5000A39026BECBFC000FC8AD /* EntryInfoViewController.swift */ = {isa = PBXFileReference; lastKnownFileType = sourcecode.swift; path = EntryInfoViewController.swift; sourceTree = "<group>"; };
		5000A39226BECCF2000FC8AD /* EntryInfoView.swift */ = {isa = PBXFileReference; lastKnownFileType = sourcecode.swift; path = EntryInfoView.swift; sourceTree = "<group>"; };
		500E981926B4423100D6F554 /* Vita.app */ = {isa = PBXFileReference; explicitFileType = wrapper.application; includeInIndex = 0; path = Vita.app; sourceTree = BUILT_PRODUCTS_DIR; };
		500E981C26B4423100D6F554 /* AppDelegate.swift */ = {isa = PBXFileReference; lastKnownFileType = sourcecode.swift; path = AppDelegate.swift; sourceTree = "<group>"; };
		500E981E26B4423100D6F554 /* SceneDelegate.swift */ = {isa = PBXFileReference; lastKnownFileType = sourcecode.swift; path = SceneDelegate.swift; sourceTree = "<group>"; };
		500E982026B4423100D6F554 /* EntryViewController.swift */ = {isa = PBXFileReference; lastKnownFileType = sourcecode.swift; path = EntryViewController.swift; sourceTree = "<group>"; };
		500E982626B4423100D6F554 /* Vita.xcdatamodel */ = {isa = PBXFileReference; lastKnownFileType = wrapper.xcdatamodel; path = Vita.xcdatamodel; sourceTree = "<group>"; };
		500E982826B4423300D6F554 /* Assets.xcassets */ = {isa = PBXFileReference; lastKnownFileType = folder.assetcatalog; path = Assets.xcassets; sourceTree = "<group>"; };
		500E982B26B4423300D6F554 /* Base */ = {isa = PBXFileReference; lastKnownFileType = file.storyboard; name = Base; path = Base.lproj/LaunchScreen.storyboard; sourceTree = "<group>"; };
		500E982D26B4423300D6F554 /* Info.plist */ = {isa = PBXFileReference; lastKnownFileType = text.plist.xml; path = Info.plist; sourceTree = "<group>"; };
		500E983326B4424400D6F554 /* Vita.entitlements */ = {isa = PBXFileReference; lastKnownFileType = text.plist.entitlements; path = Vita.entitlements; sourceTree = "<group>"; };
		500E983526B443C000D6F554 /* CloudKit.framework */ = {isa = PBXFileReference; lastKnownFileType = wrapper.framework; name = CloudKit.framework; path = System/Library/Frameworks/CloudKit.framework; sourceTree = SDKROOT; };
		502BF76026BED0C600B34C14 /* Journal+CoreDataProperties.swift */ = {isa = PBXFileReference; lastKnownFileType = sourcecode.swift; name = "Journal+CoreDataProperties.swift"; path = "/Users/chappyasel/Desktop/Repos/Vita/Vita/Vita/Model/Journal+CoreDataProperties.swift"; sourceTree = "<absolute>"; };
		502BF76326BED0C600B34C14 /* Entry+CoreDataProperties.swift */ = {isa = PBXFileReference; lastKnownFileType = sourcecode.swift; name = "Entry+CoreDataProperties.swift"; path = "/Users/chappyasel/Desktop/Repos/Vita/Vita/Vita/Model/Entry+CoreDataProperties.swift"; sourceTree = "<absolute>"; };
		5070D93B26BADCD300AC798F /* EntryListViewController.swift */ = {isa = PBXFileReference; lastKnownFileType = sourcecode.swift; path = EntryListViewController.swift; sourceTree = "<group>"; };
		5070D93E26BAE7A800AC798F /* Entry+CoreDataClass.swift */ = {isa = PBXFileReference; lastKnownFileType = sourcecode.swift; path = "Entry+CoreDataClass.swift"; sourceTree = "<group>"; };
		5070D94026BAE7DA00AC798F /* Journal+CoreDataClass.swift */ = {isa = PBXFileReference; lastKnownFileType = sourcecode.swift; path = "Journal+CoreDataClass.swift"; sourceTree = "<group>"; };
		5070D94326BAE94B00AC798F /* Serialization.swift */ = {isa = PBXFileReference; lastKnownFileType = sourcecode.swift; path = Serialization.swift; sourceTree = "<group>"; };
		5070D94726BB18E000AC798F /* testData.json */ = {isa = PBXFileReference; fileEncoding = 4; lastKnownFileType = text.json; path = testData.json; sourceTree = "<group>"; };
		5070D94926BB212D00AC798F /* VCoreData.swift */ = {isa = PBXFileReference; lastKnownFileType = sourcecode.swift; path = VCoreData.swift; sourceTree = "<group>"; };
		5070D94F26BB2E0D00AC798F /* EntryListCell.swift */ = {isa = PBXFileReference; lastKnownFileType = sourcecode.swift; path = EntryListCell.swift; sourceTree = "<group>"; };
		5070D95126BB2EC100AC798F /* EntryListCell.xib */ = {isa = PBXFileReference; lastKnownFileType = file.xib; path = EntryListCell.xib; sourceTree = "<group>"; };
		5070D95426BB542F00AC798F /* SettingsViewController.swift */ = {isa = PBXFileReference; lastKnownFileType = sourcecode.swift; path = SettingsViewController.swift; sourceTree = "<group>"; };
		5070D95626BB54C500AC798F /* SettingsViewController.xib */ = {isa = PBXFileReference; lastKnownFileType = file.xib; path = SettingsViewController.xib; sourceTree = "<group>"; };
		5070D95826BB5C0F00AC798F /* EntryListViewController.xib */ = {isa = PBXFileReference; lastKnownFileType = file.xib; path = EntryListViewController.xib; sourceTree = "<group>"; };
		5070D95A26BB5DD600AC798F /* EntryViewController.xib */ = {isa = PBXFileReference; lastKnownFileType = file.xib; path = EntryViewController.xib; sourceTree = "<group>"; };
		5070D96026BB9CED00AC798F /* VSplitViewController.swift */ = {isa = PBXFileReference; lastKnownFileType = sourcecode.swift; name = VSplitViewController.swift; path = Vita/Views/VSplitViewController.swift; sourceTree = SOURCE_ROOT; };
		50BD329D26BE0D0E009A4480 /* Database.swift */ = {isa = PBXFileReference; lastKnownFileType = sourcecode.swift; path = Database.swift; sourceTree = "<group>"; };
		50BD329F26BE11EE009A4480 /* UserDefaultWrapper.swift */ = {isa = PBXFileReference; lastKnownFileType = sourcecode.swift; path = UserDefaultWrapper.swift; sourceTree = "<group>"; };
		50D46EEB26BF4E370015B9FB /* StringFormatter.swift */ = {isa = PBXFileReference; lastKnownFileType = sourcecode.swift; path = StringFormatter.swift; sourceTree = "<group>"; };
		50D46EEE26C189FA0015B9FB /* JournalListViewController.swift */ = {isa = PBXFileReference; lastKnownFileType = sourcecode.swift; path = JournalListViewController.swift; sourceTree = "<group>"; };
		50D46EF226C3F26D0015B9FB /* VMergePolicy.swift */ = {isa = PBXFileReference; lastKnownFileType = sourcecode.swift; path = VMergePolicy.swift; sourceTree = "<group>"; };
		5449B1649E8E0D82D2ABDF43 /* Pods-Vita.debug.xcconfig */ = {isa = PBXFileReference; includeInIndex = 1; lastKnownFileType = text.xcconfig; name = "Pods-Vita.debug.xcconfig"; path = "Pods/Target Support Files/Pods-Vita/Pods-Vita.debug.xcconfig"; sourceTree = "<group>"; };
		6164B53D513D8D9E98A76E3C /* Pods-Vita.release.xcconfig */ = {isa = PBXFileReference; includeInIndex = 1; lastKnownFileType = text.xcconfig; name = "Pods-Vita.release.xcconfig"; path = "Pods/Target Support Files/Pods-Vita/Pods-Vita.release.xcconfig"; sourceTree = "<group>"; };
/* End PBXFileReference section */

/* Begin PBXFrameworksBuildPhase section */
		500E981626B4423100D6F554 /* Frameworks */ = {
			isa = PBXFrameworksBuildPhase;
			buildActionMask = 2147483647;
			files = (
				500E983626B443C000D6F554 /* CloudKit.framework in Frameworks */,
				C19E6025A1BD0420235687B6 /* Pods_Vita.framework in Frameworks */,
			);
			runOnlyForDeploymentPostprocessing = 0;
		};
/* End PBXFrameworksBuildPhase section */

/* Begin PBXGroup section */
		5000A38F26BECBF0000FC8AD /* Info */ = {
			isa = PBXGroup;
			children = (
				5000A39026BECBFC000FC8AD /* EntryInfoViewController.swift */,
				5000A39226BECCF2000FC8AD /* EntryInfoView.swift */,
			);
			path = Info;
			sourceTree = "<group>";
		};
		500E981026B4423100D6F554 = {
			isa = PBXGroup;
			children = (
				500E981B26B4423100D6F554 /* Vita */,
				500E981A26B4423100D6F554 /* Products */,
				500E983426B443C000D6F554 /* Frameworks */,
				959AA28900962660270B5D25 /* Pods */,
			);
			sourceTree = "<group>";
		};
		500E981A26B4423100D6F554 /* Products */ = {
			isa = PBXGroup;
			children = (
				500E981926B4423100D6F554 /* Vita.app */,
			);
			name = Products;
			sourceTree = "<group>";
		};
		500E981B26B4423100D6F554 /* Vita */ = {
			isa = PBXGroup;
			children = (
				5070D93D26BAE71E00AC798F /* Model */,
				50D46EEA26BF4BEA0015B9FB /* Util */,
				500E983826B4467700D6F554 /* Views */,
				500E983926B4468B00D6F554 /* Delegates */,
				500E983726B4464B00D6F554 /* Supporting Files */,
			);
			path = Vita;
			sourceTree = "<group>";
		};
		500E983426B443C000D6F554 /* Frameworks */ = {
			isa = PBXGroup;
			children = (
				500E983526B443C000D6F554 /* CloudKit.framework */,
				2818D395F840B700525E7518 /* Pods_Vita.framework */,
			);
			name = Frameworks;
			sourceTree = "<group>";
		};
		500E983726B4464B00D6F554 /* Supporting Files */ = {
			isa = PBXGroup;
			children = (
				5070D94726BB18E000AC798F /* testData.json */,
				500E982D26B4423300D6F554 /* Info.plist */,
				500E983326B4424400D6F554 /* Vita.entitlements */,
				500E982A26B4423300D6F554 /* LaunchScreen.storyboard */,
				500E982826B4423300D6F554 /* Assets.xcassets */,
				500E982526B4423100D6F554 /* Vita.xcdatamodeld */,
			);
			path = "Supporting Files";
			sourceTree = "<group>";
		};
		500E983826B4467700D6F554 /* Views */ = {
			isa = PBXGroup;
			children = (
				5070D96026BB9CED00AC798F /* VSplitViewController.swift */,
				50D46EED26C189EF0015B9FB /* Journal List */,
				5070D94B26BB2DBD00AC798F /* Entry List */,
				5070D94C26BB2DC700AC798F /* Entry */,
				5070D94E26BB2DDC00AC798F /* Settings */,
			);
			path = Views;
			sourceTree = "<group>";
		};
		500E983926B4468B00D6F554 /* Delegates */ = {
			isa = PBXGroup;
			children = (
				500E981C26B4423100D6F554 /* AppDelegate.swift */,
				500E981E26B4423100D6F554 /* SceneDelegate.swift */,
			);
			path = Delegates;
			sourceTree = "<group>";
		};
		502BF76826BED0EC00B34C14 /* Journal */ = {
			isa = PBXGroup;
			children = (
				502BF76026BED0C600B34C14 /* Journal+CoreDataProperties.swift */,
				5070D94026BAE7DA00AC798F /* Journal+CoreDataClass.swift */,
			);
			path = Journal;
			sourceTree = "<group>";
		};
		502BF76926BED0F600B34C14 /* Entry */ = {
			isa = PBXGroup;
			children = (
				502BF76326BED0C600B34C14 /* Entry+CoreDataProperties.swift */,
				5070D93E26BAE7A800AC798F /* Entry+CoreDataClass.swift */,
			);
			path = Entry;
			sourceTree = "<group>";
		};
		5070D93D26BAE71E00AC798F /* Model */ = {
			isa = PBXGroup;
			children = (
				50BD329D26BE0D0E009A4480 /* Database.swift */,
				502BF76826BED0EC00B34C14 /* Journal */,
				502BF76926BED0F600B34C14 /* Entry */,
				50BD32A126BE11F3009A4480 /* Helpers */,
			);
			path = Model;
			sourceTree = "<group>";
		};
		5070D94B26BB2DBD00AC798F /* Entry List */ = {
			isa = PBXGroup;
			children = (
				5070D93B26BADCD300AC798F /* EntryListViewController.swift */,
				5070D95826BB5C0F00AC798F /* EntryListViewController.xib */,
				5070D95326BB2EC700AC798F /* Cell */,
			);
			path = "Entry List";
			sourceTree = "<group>";
		};
		5070D94C26BB2DC700AC798F /* Entry */ = {
			isa = PBXGroup;
			children = (
				500E982026B4423100D6F554 /* EntryViewController.swift */,
				5070D95A26BB5DD600AC798F /* EntryViewController.xib */,
				5000A38F26BECBF0000FC8AD /* Info */,
			);
			path = Entry;
			sourceTree = "<group>";
		};
		5070D94E26BB2DDC00AC798F /* Settings */ = {
			isa = PBXGroup;
			children = (
				5070D95426BB542F00AC798F /* SettingsViewController.swift */,
				5070D95626BB54C500AC798F /* SettingsViewController.xib */,
			);
			path = Settings;
			sourceTree = "<group>";
		};
		5070D95326BB2EC700AC798F /* Cell */ = {
			isa = PBXGroup;
			children = (
				5070D94F26BB2E0D00AC798F /* EntryListCell.swift */,
				5070D95126BB2EC100AC798F /* EntryListCell.xib */,
			);
			path = Cell;
			sourceTree = "<group>";
		};
		50BD32A126BE11F3009A4480 /* Helpers */ = {
			isa = PBXGroup;
			children = (
				5070D94926BB212D00AC798F /* VCoreData.swift */,
				50D46EF226C3F26D0015B9FB /* VMergePolicy.swift */,
				50BD329F26BE11EE009A4480 /* UserDefaultWrapper.swift */,
				5070D94326BAE94B00AC798F /* Serialization.swift */,
			);
			path = Helpers;
			sourceTree = "<group>";
		};
		50D46EEA26BF4BEA0015B9FB /* Util */ = {
			isa = PBXGroup;
			children = (
				50D46EEB26BF4E370015B9FB /* StringFormatter.swift */,
			);
			path = Util;
			sourceTree = "<group>";
		};
		50D46EED26C189EF0015B9FB /* Journal List */ = {
			isa = PBXGroup;
			children = (
				50D46EEE26C189FA0015B9FB /* JournalListViewController.swift */,
			);
			path = "Journal List";
			sourceTree = "<group>";
		};
		959AA28900962660270B5D25 /* Pods */ = {
			isa = PBXGroup;
			children = (
				5449B1649E8E0D82D2ABDF43 /* Pods-Vita.debug.xcconfig */,
				6164B53D513D8D9E98A76E3C /* Pods-Vita.release.xcconfig */,
			);
			name = Pods;
			sourceTree = "<group>";
		};
/* End PBXGroup section */

/* Begin PBXNativeTarget section */
		500E981826B4423100D6F554 /* Vita */ = {
			isa = PBXNativeTarget;
			buildConfigurationList = 500E983026B4423300D6F554 /* Build configuration list for PBXNativeTarget "Vita" */;
			buildPhases = (
				533D86908CF8074F8E3846C0 /* [CP] Check Pods Manifest.lock */,
				5070D93826BA3EDB00AC798F /* ShellScript */,
				500E981526B4423100D6F554 /* Sources */,
				500E981626B4423100D6F554 /* Frameworks */,
				500E981726B4423100D6F554 /* Resources */,
				AB2FE8AE6AFA4F63D23EC2FB /* [CP] Embed Pods Frameworks */,
			);
			buildRules = (
			);
			dependencies = (
			);
			name = Vita;
			productName = Vita;
			productReference = 500E981926B4423100D6F554 /* Vita.app */;
			productType = "com.apple.product-type.application";
		};
/* End PBXNativeTarget section */

/* Begin PBXProject section */
		500E981126B4423100D6F554 /* Project object */ = {
			isa = PBXProject;
			attributes = {
				LastSwiftUpdateCheck = 1250;
				LastUpgradeCheck = 1250;
				TargetAttributes = {
					500E981826B4423100D6F554 = {
						CreatedOnToolsVersion = 12.5.1;
					};
				};
			};
			buildConfigurationList = 500E981426B4423100D6F554 /* Build configuration list for PBXProject "Vita" */;
			compatibilityVersion = "Xcode 9.3";
			developmentRegion = en;
			hasScannedForEncodings = 0;
			knownRegions = (
				en,
				Base,
			);
			mainGroup = 500E981026B4423100D6F554;
			productRefGroup = 500E981A26B4423100D6F554 /* Products */;
			projectDirPath = "";
			projectRoot = "";
			targets = (
				500E981826B4423100D6F554 /* Vita */,
			);
		};
/* End PBXProject section */

/* Begin PBXResourcesBuildPhase section */
		500E981726B4423100D6F554 /* Resources */ = {
			isa = PBXResourcesBuildPhase;
			buildActionMask = 2147483647;
			files = (
				500E982C26B4423300D6F554 /* LaunchScreen.storyboard in Resources */,
				5070D95926BB5C0F00AC798F /* EntryListViewController.xib in Resources */,
				500E982926B4423300D6F554 /* Assets.xcassets in Resources */,
				5070D95B26BB5DD600AC798F /* EntryViewController.xib in Resources */,
				5070D95726BB54C500AC798F /* SettingsViewController.xib in Resources */,
				5070D95226BB2EC100AC798F /* EntryListCell.xib in Resources */,
				5070D94826BB18E000AC798F /* testData.json in Resources */,
			);
			runOnlyForDeploymentPostprocessing = 0;
		};
/* End PBXResourcesBuildPhase section */

/* Begin PBXShellScriptBuildPhase section */
		5070D93826BA3EDB00AC798F /* ShellScript */ = {
			isa = PBXShellScriptBuildPhase;
			buildActionMask = 2147483647;
			files = (
			);
			inputFileListPaths = (
			);
			inputPaths = (
			);
			outputFileListPaths = (
			);
			outputPaths = (
			);
			runOnlyForDeploymentPostprocessing = 0;
			shellPath = /bin/sh;
			shellScript = "if which swiftlint >/dev/null; then\n    swiftlint\nelse\n  echo \"warning: SwiftLint not installed, download from https://github.com/realm/SwiftLint\"\nfi\n";
		};
		533D86908CF8074F8E3846C0 /* [CP] Check Pods Manifest.lock */ = {
			isa = PBXShellScriptBuildPhase;
			buildActionMask = 2147483647;
			files = (
			);
			inputFileListPaths = (
			);
			inputPaths = (
				"${PODS_PODFILE_DIR_PATH}/Podfile.lock",
				"${PODS_ROOT}/Manifest.lock",
			);
			name = "[CP] Check Pods Manifest.lock";
			outputFileListPaths = (
			);
			outputPaths = (
				"$(DERIVED_FILE_DIR)/Pods-Vita-checkManifestLockResult.txt",
			);
			runOnlyForDeploymentPostprocessing = 0;
			shellPath = /bin/sh;
			shellScript = "diff \"${PODS_PODFILE_DIR_PATH}/Podfile.lock\" \"${PODS_ROOT}/Manifest.lock\" > /dev/null\nif [ $? != 0 ] ; then\n    # print error to STDERR\n    echo \"error: The sandbox is not in sync with the Podfile.lock. Run 'pod install' or update your CocoaPods installation.\" >&2\n    exit 1\nfi\n# This output is used by Xcode 'outputs' to avoid re-running this script phase.\necho \"SUCCESS\" > \"${SCRIPT_OUTPUT_FILE_0}\"\n";
			showEnvVarsInLog = 0;
		};
		AB2FE8AE6AFA4F63D23EC2FB /* [CP] Embed Pods Frameworks */ = {
			isa = PBXShellScriptBuildPhase;
			buildActionMask = 2147483647;
			files = (
			);
			inputFileListPaths = (
				"${PODS_ROOT}/Target Support Files/Pods-Vita/Pods-Vita-frameworks-${CONFIGURATION}-input-files.xcfilelist",
			);
			name = "[CP] Embed Pods Frameworks";
			outputFileListPaths = (
				"${PODS_ROOT}/Target Support Files/Pods-Vita/Pods-Vita-frameworks-${CONFIGURATION}-output-files.xcfilelist",
			);
			runOnlyForDeploymentPostprocessing = 0;
			shellPath = /bin/sh;
			shellScript = "\"${PODS_ROOT}/Target Support Files/Pods-Vita/Pods-Vita-frameworks.sh\"\n";
			showEnvVarsInLog = 0;
		};
/* End PBXShellScriptBuildPhase section */

/* Begin PBXSourcesBuildPhase section */
		500E981526B4423100D6F554 /* Sources */ = {
			isa = PBXSourcesBuildPhase;
			buildActionMask = 2147483647;
			files = (
				500E982126B4423100D6F554 /* EntryViewController.swift in Sources */,
				5070D93F26BAE7A800AC798F /* Entry+CoreDataClass.swift in Sources */,
				500E982726B4423100D6F554 /* Vita.xcdatamodeld in Sources */,
				500E981D26B4423100D6F554 /* AppDelegate.swift in Sources */,
				5070D94426BAE94B00AC798F /* Serialization.swift in Sources */,
				5000A39126BECBFC000FC8AD /* EntryInfoViewController.swift in Sources */,
				50BD329E26BE0D0E009A4480 /* Database.swift in Sources */,
				50BD32A026BE11EE009A4480 /* UserDefaultWrapper.swift in Sources */,
				5070D95526BB542F00AC798F /* SettingsViewController.swift in Sources */,
				50D46EEF26C189FA0015B9FB /* JournalListViewController.swift in Sources */,
				5070D94126BAE7DA00AC798F /* Journal+CoreDataClass.swift in Sources */,
				5070D95026BB2E0D00AC798F /* EntryListCell.swift in Sources */,
				5070D94A26BB212D00AC798F /* VCoreData.swift in Sources */,
				502BF76626BED0C600B34C14 /* Entry+CoreDataProperties.swift in Sources */,
				5000A39326BECCF2000FC8AD /* EntryInfoView.swift in Sources */,
				500E981F26B4423100D6F554 /* SceneDelegate.swift in Sources */,
				50D46EEC26BF4E370015B9FB /* StringFormatter.swift in Sources */,
				50D46EF326C3F26D0015B9FB /* VMergePolicy.swift in Sources */,
				5070D96126BB9CED00AC798F /* VSplitViewController.swift in Sources */,
				502BF76426BED0C600B34C14 /* Journal+CoreDataProperties.swift in Sources */,
				5070D93C26BADCD300AC798F /* EntryListViewController.swift in Sources */,
			);
			runOnlyForDeploymentPostprocessing = 0;
		};
/* End PBXSourcesBuildPhase section */

/* Begin PBXVariantGroup section */
		500E982A26B4423300D6F554 /* LaunchScreen.storyboard */ = {
			isa = PBXVariantGroup;
			children = (
				500E982B26B4423300D6F554 /* Base */,
			);
			name = LaunchScreen.storyboard;
			sourceTree = "<group>";
		};
/* End PBXVariantGroup section */

/* Begin XCBuildConfiguration section */
		500E982E26B4423300D6F554 /* Debug */ = {
			isa = XCBuildConfiguration;
			buildSettings = {
				ALWAYS_SEARCH_USER_PATHS = NO;
				CLANG_ANALYZER_NONNULL = YES;
				CLANG_ANALYZER_NUMBER_OBJECT_CONVERSION = YES_AGGRESSIVE;
				CLANG_CXX_LANGUAGE_STANDARD = "gnu++14";
				CLANG_CXX_LIBRARY = "libc++";
				CLANG_ENABLE_MODULES = YES;
				CLANG_ENABLE_OBJC_ARC = YES;
				CLANG_ENABLE_OBJC_WEAK = YES;
				CLANG_WARN_BLOCK_CAPTURE_AUTORELEASING = YES;
				CLANG_WARN_BOOL_CONVERSION = YES;
				CLANG_WARN_COMMA = YES;
				CLANG_WARN_CONSTANT_CONVERSION = YES;
				CLANG_WARN_DEPRECATED_OBJC_IMPLEMENTATIONS = YES;
				CLANG_WARN_DIRECT_OBJC_ISA_USAGE = YES_ERROR;
				CLANG_WARN_DOCUMENTATION_COMMENTS = YES;
				CLANG_WARN_EMPTY_BODY = YES;
				CLANG_WARN_ENUM_CONVERSION = YES;
				CLANG_WARN_INFINITE_RECURSION = YES;
				CLANG_WARN_INT_CONVERSION = YES;
				CLANG_WARN_NON_LITERAL_NULL_CONVERSION = YES;
				CLANG_WARN_OBJC_IMPLICIT_RETAIN_SELF = YES;
				CLANG_WARN_OBJC_LITERAL_CONVERSION = YES;
				CLANG_WARN_OBJC_ROOT_CLASS = YES_ERROR;
				CLANG_WARN_QUOTED_INCLUDE_IN_FRAMEWORK_HEADER = YES;
				CLANG_WARN_RANGE_LOOP_ANALYSIS = YES;
				CLANG_WARN_STRICT_PROTOTYPES = YES;
				CLANG_WARN_SUSPICIOUS_MOVE = YES;
				CLANG_WARN_UNGUARDED_AVAILABILITY = YES_AGGRESSIVE;
				CLANG_WARN_UNREACHABLE_CODE = YES;
				CLANG_WARN__DUPLICATE_METHOD_MATCH = YES;
				COPY_PHASE_STRIP = NO;
				DEBUG_INFORMATION_FORMAT = dwarf;
				ENABLE_STRICT_OBJC_MSGSEND = YES;
				ENABLE_TESTABILITY = YES;
				GCC_C_LANGUAGE_STANDARD = gnu11;
				GCC_DYNAMIC_NO_PIC = NO;
				GCC_NO_COMMON_BLOCKS = YES;
				GCC_OPTIMIZATION_LEVEL = 0;
				GCC_PREPROCESSOR_DEFINITIONS = (
					"DEBUG=1",
					"$(inherited)",
				);
				GCC_WARN_64_TO_32_BIT_CONVERSION = YES;
				GCC_WARN_ABOUT_RETURN_TYPE = YES_ERROR;
				GCC_WARN_UNDECLARED_SELECTOR = YES;
				GCC_WARN_UNINITIALIZED_AUTOS = YES_AGGRESSIVE;
				GCC_WARN_UNUSED_FUNCTION = YES;
				GCC_WARN_UNUSED_VARIABLE = YES;
				IPHONEOS_DEPLOYMENT_TARGET = 14.5;
				MTL_ENABLE_DEBUG_INFO = INCLUDE_SOURCE;
				MTL_FAST_MATH = YES;
				ONLY_ACTIVE_ARCH = YES;
				SDKROOT = iphoneos;
				SWIFT_ACTIVE_COMPILATION_CONDITIONS = DEBUG;
				SWIFT_OPTIMIZATION_LEVEL = "-Onone";
			};
			name = Debug;
		};
		500E982F26B4423300D6F554 /* Release */ = {
			isa = XCBuildConfiguration;
			buildSettings = {
				ALWAYS_SEARCH_USER_PATHS = NO;
				CLANG_ANALYZER_NONNULL = YES;
				CLANG_ANALYZER_NUMBER_OBJECT_CONVERSION = YES_AGGRESSIVE;
				CLANG_CXX_LANGUAGE_STANDARD = "gnu++14";
				CLANG_CXX_LIBRARY = "libc++";
				CLANG_ENABLE_MODULES = YES;
				CLANG_ENABLE_OBJC_ARC = YES;
				CLANG_ENABLE_OBJC_WEAK = YES;
				CLANG_WARN_BLOCK_CAPTURE_AUTORELEASING = YES;
				CLANG_WARN_BOOL_CONVERSION = YES;
				CLANG_WARN_COMMA = YES;
				CLANG_WARN_CONSTANT_CONVERSION = YES;
				CLANG_WARN_DEPRECATED_OBJC_IMPLEMENTATIONS = YES;
				CLANG_WARN_DIRECT_OBJC_ISA_USAGE = YES_ERROR;
				CLANG_WARN_DOCUMENTATION_COMMENTS = YES;
				CLANG_WARN_EMPTY_BODY = YES;
				CLANG_WARN_ENUM_CONVERSION = YES;
				CLANG_WARN_INFINITE_RECURSION = YES;
				CLANG_WARN_INT_CONVERSION = YES;
				CLANG_WARN_NON_LITERAL_NULL_CONVERSION = YES;
				CLANG_WARN_OBJC_IMPLICIT_RETAIN_SELF = YES;
				CLANG_WARN_OBJC_LITERAL_CONVERSION = YES;
				CLANG_WARN_OBJC_ROOT_CLASS = YES_ERROR;
				CLANG_WARN_QUOTED_INCLUDE_IN_FRAMEWORK_HEADER = YES;
				CLANG_WARN_RANGE_LOOP_ANALYSIS = YES;
				CLANG_WARN_STRICT_PROTOTYPES = YES;
				CLANG_WARN_SUSPICIOUS_MOVE = YES;
				CLANG_WARN_UNGUARDED_AVAILABILITY = YES_AGGRESSIVE;
				CLANG_WARN_UNREACHABLE_CODE = YES;
				CLANG_WARN__DUPLICATE_METHOD_MATCH = YES;
				COPY_PHASE_STRIP = NO;
				DEBUG_INFORMATION_FORMAT = "dwarf-with-dsym";
				ENABLE_NS_ASSERTIONS = NO;
				ENABLE_STRICT_OBJC_MSGSEND = YES;
				GCC_C_LANGUAGE_STANDARD = gnu11;
				GCC_NO_COMMON_BLOCKS = YES;
				GCC_WARN_64_TO_32_BIT_CONVERSION = YES;
				GCC_WARN_ABOUT_RETURN_TYPE = YES_ERROR;
				GCC_WARN_UNDECLARED_SELECTOR = YES;
				GCC_WARN_UNINITIALIZED_AUTOS = YES_AGGRESSIVE;
				GCC_WARN_UNUSED_FUNCTION = YES;
				GCC_WARN_UNUSED_VARIABLE = YES;
				IPHONEOS_DEPLOYMENT_TARGET = 14.5;
				MTL_ENABLE_DEBUG_INFO = NO;
				MTL_FAST_MATH = YES;
				SDKROOT = iphoneos;
				SWIFT_COMPILATION_MODE = wholemodule;
				SWIFT_OPTIMIZATION_LEVEL = "-O";
				VALIDATE_PRODUCT = YES;
			};
			name = Release;
		};
		500E983126B4423300D6F554 /* Debug */ = {
			isa = XCBuildConfiguration;
			baseConfigurationReference = 5449B1649E8E0D82D2ABDF43 /* Pods-Vita.debug.xcconfig */;
			buildSettings = {
				ASSETCATALOG_COMPILER_APPICON_NAME = AppIcon;
				ASSETCATALOG_COMPILER_GLOBAL_ACCENT_COLOR_NAME = AccentColor;
				CODE_SIGN_ENTITLEMENTS = "Vita/Supporting Files/Vita.entitlements";
				CODE_SIGN_STYLE = Automatic;
				DEVELOPMENT_TEAM = Q82S7VERUD;
				INFOPLIST_FILE = "Vita/Supporting Files/Info.plist";
				IPHONEOS_DEPLOYMENT_TARGET = 14.1;
				"IPHONEOS_DEPLOYMENT_TARGET[sdk=macosx*]" = 14.2;
				LD_RUNPATH_SEARCH_PATHS = (
					"$(inherited)",
					"@executable_path/Frameworks",
				);
				MARKETING_VERSION = 0.1;
				PRODUCT_BUNDLE_IDENTIFIER = com.chappyasel.vita;
				PRODUCT_NAME = "$(TARGET_NAME)";
				SUPPORTS_MACCATALYST = YES;
				SUPPORTS_MAC_DESIGNED_FOR_IPHONE_IPAD = YES;
				SWIFT_VERSION = 5.0;
				TARGETED_DEVICE_FAMILY = "1,2";
			};
			name = Debug;
		};
		500E983226B4423300D6F554 /* Release */ = {
			isa = XCBuildConfiguration;
			baseConfigurationReference = 6164B53D513D8D9E98A76E3C /* Pods-Vita.release.xcconfig */;
			buildSettings = {
				ASSETCATALOG_COMPILER_APPICON_NAME = AppIcon;
				ASSETCATALOG_COMPILER_GLOBAL_ACCENT_COLOR_NAME = AccentColor;
				CODE_SIGN_ENTITLEMENTS = "Vita/Supporting Files/Vita.entitlements";
				CODE_SIGN_STYLE = Automatic;
				DEVELOPMENT_TEAM = Q82S7VERUD;
				INFOPLIST_FILE = "Vita/Supporting Files/Info.plist";
				IPHONEOS_DEPLOYMENT_TARGET = 14.1;
				"IPHONEOS_DEPLOYMENT_TARGET[sdk=macosx*]" = 14.2;
				LD_RUNPATH_SEARCH_PATHS = (
					"$(inherited)",
					"@executable_path/Frameworks",
				);
				MARKETING_VERSION = 0.1;
				PRODUCT_BUNDLE_IDENTIFIER = com.chappyasel.vita;
				PRODUCT_NAME = "$(TARGET_NAME)";
				SUPPORTS_MACCATALYST = YES;
				SUPPORTS_MAC_DESIGNED_FOR_IPHONE_IPAD = YES;
				SWIFT_VERSION = 5.0;
				TARGETED_DEVICE_FAMILY = "1,2";
			};
			name = Release;
		};
/* End XCBuildConfiguration section */

/* Begin XCConfigurationList section */
		500E981426B4423100D6F554 /* Build configuration list for PBXProject "Vita" */ = {
			isa = XCConfigurationList;
			buildConfigurations = (
				500E982E26B4423300D6F554 /* Debug */,
				500E982F26B4423300D6F554 /* Release */,
			);
			defaultConfigurationIsVisible = 0;
			defaultConfigurationName = Release;
		};
		500E983026B4423300D6F554 /* Build configuration list for PBXNativeTarget "Vita" */ = {
			isa = XCConfigurationList;
			buildConfigurations = (
				500E983126B4423300D6F554 /* Debug */,
				500E983226B4423300D6F554 /* Release */,
			);
			defaultConfigurationIsVisible = 0;
			defaultConfigurationName = Release;
		};
/* End XCConfigurationList section */

/* Begin XCVersionGroup section */
		500E982526B4423100D6F554 /* Vita.xcdatamodeld */ = {
			isa = XCVersionGroup;
			children = (
				500E982626B4423100D6F554 /* Vita.xcdatamodel */,
			);
			currentVersion = 500E982626B4423100D6F554 /* Vita.xcdatamodel */;
			path = Vita.xcdatamodeld;
			sourceTree = "<group>";
			versionGroupType = wrapper.xcdatamodel;
		};
/* End XCVersionGroup section */
	};
	rootObject = 500E981126B4423100D6F554 /* Project object */;
}
