PODS:
  - Eureka (5.3.4)
  - SwipeCellKit (2.7.1)

DEPENDENCIES:
  - Eureka
  - SwipeCellKit

SPEC REPOS:
  https://github.com/cocoapods/specs.git:
    - Eureka
    - SwipeCellKit

SPEC CHECKSUMS:
  Eureka: 60cf058f86a8fb3ed26165ba5292b9850361b0a6
  SwipeCellKit: 3972254a826da74609926daf59b08d6c72e619ea

PODFILE CHECKSUM: 72f42862e7be4fed1a1902457c8207aad63805cf

COCOAPODS: 1.5.3
